
Microsoft Visual Studio Solution File, Format Version 12.00
# Visual Studio Version 17
VisualStudioVersion = 17.3.32922.545
MinimumVisualStudioVersion = 10.0.40219.1
Project("{FAE04EC0-301F-11D3-BF4B-00C04F79EFBC}") = "world_portal", "world_portal\world_portal.csproj", "{87A32E22-B74E-4C98-8C76-62CCBEB22EA1}"
EndProject
Global
	GlobalSection(SolutionConfigurationPlatforms) = preSolution
		Debug|Any CPU = Debug|Any CPU
		Release|Any CPU = Release|Any CPU
	EndGlobalSection
	GlobalSection(ProjectConfigurationPlatforms) = postSolution
		{87A32E22-B74E-4C98-8C76-62CCBEB22EA1}.Debug|Any CPU.ActiveCfg = Debug|Any CPU
		{87A32E22-B74E-4C98-8C76-62CCBEB22EA1}.Debug|Any CPU.Build.0 = Debug|Any CPU
		{87A32E22-B74E-4C98-8C76-62CCBEB22EA1}.Release|Any CPU.ActiveCfg = Release|Any CPU
		{87A32E22-B74E-4C98-8C76-62CCBEB22EA1}.Release|Any CPU.Build.0 = Release|Any CPU
	EndGlobalSection
	GlobalSection(SolutionProperties) = preSolution
		HideSolutionNode = FALSE
	EndGlobalSection
	GlobalSection(ExtensibilityGlobals) = postSolution
		SolutionGuid = {D2C5DE07-13D9-4AD0-BB0C-7775AA865868}
	EndGlobalSection
EndGlobal
